
Microsoft Visual Studio Solution File, Format Version 12.00
# Visual Studio Version 17
VisualStudioVersion = 17.6.33829.357
MinimumVisualStudioVersion = 10.0.40219.1
Project("{FAE04EC0-301F-11D3-BF4B-00C04F79EFBC}") = "UnitTest", "UnitTest\UnitTest.csproj", "{004F71DF-8D48-4CC3-B6CF-C32A00AC9F37}"
EndProject
Project("{FAE04EC0-301F-11D3-BF4B-00C04F79EFBC}") = "UnitTestTests", "UnitTestTests\UnitTestTests.csproj", "{49B6E9E8-5A8A-4D4C-8D1E-D81DEFD4E5F5}"
EndProject
Project("{FAE04EC0-301F-11D3-BF4B-00C04F79EFBC}") = "UnitTestTests1", "UnitTestTests1\UnitTestTests1.csproj", "{58399D73-B97D-4467-A22C-B4E83CC55BB5}"
EndProject
Global
	GlobalSection(SolutionConfigurationPlatforms) = preSolution
		Debug|Any CPU = Debug|Any CPU
		Release|Any CPU = Release|Any CPU
	EndGlobalSection
	GlobalSection(ProjectConfigurationPlatforms) = postSolution
		{004F71DF-8D48-4CC3-B6CF-C32A00AC9F37}.Debug|Any CPU.ActiveCfg = Debug|Any CPU
		{004F71DF-8D48-4CC3-B6CF-C32A00AC9F37}.Debug|Any CPU.Build.0 = Debug|Any CPU
		{004F71DF-8D48-4CC3-B6CF-C32A00AC9F37}.Release|Any CPU.ActiveCfg = Release|Any CPU
		{004F71DF-8D48-4CC3-B6CF-C32A00AC9F37}.Release|Any CPU.Build.0 = Release|Any CPU
		{49B6E9E8-5A8A-4D4C-8D1E-D81DEFD4E5F5}.Debug|Any CPU.ActiveCfg = Debug|Any CPU
		{49B6E9E8-5A8A-4D4C-8D1E-D81DEFD4E5F5}.Debug|Any CPU.Build.0 = Debug|Any CPU
		{49B6E9E8-5A8A-4D4C-8D1E-D81DEFD4E5F5}.Release|Any CPU.ActiveCfg = Release|Any CPU
		{49B6E9E8-5A8A-4D4C-8D1E-D81DEFD4E5F5}.Release|Any CPU.Build.0 = Release|Any CPU
		{58399D73-B97D-4467-A22C-B4E83CC55BB5}.Debug|Any CPU.ActiveCfg = Debug|Any CPU
		{58399D73-B97D-4467-A22C-B4E83CC55BB5}.Debug|Any CPU.Build.0 = Debug|Any CPU
		{58399D73-B97D-4467-A22C-B4E83CC55BB5}.Release|Any CPU.ActiveCfg = Release|Any CPU
		{58399D73-B97D-4467-A22C-B4E83CC55BB5}.Release|Any CPU.Build.0 = Release|Any CPU
	EndGlobalSection
	GlobalSection(SolutionProperties) = preSolution
		HideSolutionNode = FALSE
	EndGlobalSection
	GlobalSection(ExtensibilityGlobals) = postSolution
		SolutionGuid = {84AA378B-B388-4BF3-BDC0-ECB0D4F54A03}
	EndGlobalSection
EndGlobal
