
Microsoft Visual Studio Solution File, Format Version 12.00
# Visual Studio Version 17
VisualStudioVersion = 17.7.34003.232
MinimumVisualStudioVersion = 10.0.40219.1
Project("{FAE04EC0-301F-11D3-BF4B-00C04F79EFBC}") = "FreshApp.Android", "FreshApp\FreshApp.Android\FreshApp.Android.csproj", "{4794CE3D-491E-49F5-8BEF-93399E6A2C03}"
EndProject
Project("{FAE04EC0-301F-11D3-BF4B-00C04F79EFBC}") = "FreshApp", "FreshApp\FreshApp\FreshApp.csproj", "{8EF5C2DA-0259-4A78-A6CA-A50013539B5E}"
EndProject
Global
	GlobalSection(SolutionConfigurationPlatforms) = preSolution
		Debug|Any CPU = Debug|Any CPU
		Release|Any CPU = Release|Any CPU
	EndGlobalSection
	GlobalSection(ProjectConfigurationPlatforms) = postSolution
		{4794CE3D-491E-49F5-8BEF-93399E6A2C03}.Debug|Any CPU.ActiveCfg = Debug|Any CPU
		{4794CE3D-491E-49F5-8BEF-93399E6A2C03}.Debug|Any CPU.Build.0 = Debug|Any CPU
		{4794CE3D-491E-49F5-8BEF-93399E6A2C03}.Debug|Any CPU.Deploy.0 = Debug|Any CPU
		{4794CE3D-491E-49F5-8BEF-93399E6A2C03}.Release|Any CPU.ActiveCfg = Release|Any CPU
		{4794CE3D-491E-49F5-8BEF-93399E6A2C03}.Release|Any CPU.Build.0 = Release|Any CPU
		{4794CE3D-491E-49F5-8BEF-93399E6A2C03}.Release|Any CPU.Deploy.0 = Release|Any CPU
		{8EF5C2DA-0259-4A78-A6CA-A50013539B5E}.Debug|Any CPU.ActiveCfg = Debug|Any CPU
		{8EF5C2DA-0259-4A78-A6CA-A50013539B5E}.Debug|Any CPU.Build.0 = Debug|Any CPU
		{8EF5C2DA-0259-4A78-A6CA-A50013539B5E}.Debug|Any CPU.Deploy.0 = Debug|Any CPU
		{8EF5C2DA-0259-4A78-A6CA-A50013539B5E}.Release|Any CPU.ActiveCfg = Release|Any CPU
		{8EF5C2DA-0259-4A78-A6CA-A50013539B5E}.Release|Any CPU.Build.0 = Release|Any CPU
		{8EF5C2DA-0259-4A78-A6CA-A50013539B5E}.Release|Any CPU.Deploy.0 = Release|Any CPU
	EndGlobalSection
	GlobalSection(SolutionProperties) = preSolution
		HideSolutionNode = FALSE
	EndGlobalSection
	GlobalSection(ExtensibilityGlobals) = postSolution
		SolutionGuid = {7DCC9A53-3A3F-498C-95D5-14540299A14F}
	EndGlobalSection
EndGlobal
